
Microsoft Visual Studio Solution File, Format Version 12.00
Project("{FAE04EC0-301F-11D3-BF4B-00C04F79EFBC}") = "design-patterns", "design-patterns\design-patterns.csproj", "{29DA23C9-8C51-47C3-979B-2CF526DBA7BA}"
EndProject
Project("{2150E333-8FDC-42A3-9474-1A3956D46DE8}") = "Wzorce projektowe kreacyjne", "Wzorce projektowe kreacyjne", "{C0353F17-729A-40E7-9FB9-7FC0BDC7D843}"
EndProject
Project("{FAE04EC0-301F-11D3-BF4B-00C04F79EFBC}") = "Budowniczy", "Wzorce projektowe kreacyjne\Budowniczy\Budowniczy.csproj", "{CD7C0889-B5F8-49FA-AB78-9FED47ADBFB1}"
EndProject
Project("{FAE04EC0-301F-11D3-BF4B-00C04F79EFBC}") = "Domain", "..\SolidExample\Domain\Domain.csproj", "{A62D9082-6DB4-4203-9ABD-4FC3FB205822}"
EndProject
Project("{FAE04EC0-301F-11D3-BF4B-00C04F79EFBC}") = "Fabryka", "Wzorce projektowe kreacyjne\Fabryka\Fabryka.csproj", "{F30FC855-E128-4814-ADA2-04E5714596DE}"
EndProject
Project("{FAE04EC0-301F-11D3-BF4B-00C04F79EFBC}") = "Fabryka abstrakcyjna", "Wzorce projektowe kreacyjne\Fabryka abstrakcyjna\Fabryka abstrakcyjna.csproj", "{75A59A82-1D24-4978-B52B-23BCB930A8D1}"
EndProject
Project("{FAE04EC0-301F-11D3-BF4B-00C04F79EFBC}") = "Prototyp", "Wzorce projektowe kreacyjne\Prototyp\Prototyp.csproj", "{2FBEB895-AF1C-452F-AE84-C3E9F3F2263C}"
EndProject
Project("{FAE04EC0-301F-11D3-BF4B-00C04F79EFBC}") = "Singleton", "Wzorce projektowe kreacyjne\Singleton\Singleton.csproj", "{361A1DEA-40A2-4376-870C-18ED38D6415E}"
EndProject
Project("{2150E333-8FDC-42A3-9474-1A3956D46DE8}") = "Wzorce projektowe behawioralne", "Wzorce projektowe behawioralne", "{5C5810F5-F97A-4A83-BC0D-28E723950F73}"
EndProject
Project("{FAE04EC0-301F-11D3-BF4B-00C04F79EFBC}") = "Strategia", "Wzorce projektowe behawioralne\Strategia\Strategia.csproj", "{5CC7198C-C312-421C-8433-F7F3E4D7C10B}"
EndProject
Project("{FAE04EC0-301F-11D3-BF4B-00C04F79EFBC}") = "Obserwator", "Wzorce projektowe behawioralne\Obserwator\Obserwator.csproj", "{DA2156DD-5103-4EFA-888D-F1F1F6AD40F0}"
EndProject
Global
	GlobalSection(SolutionConfigurationPlatforms) = preSolution
		Debug|Any CPU = Debug|Any CPU
		Release|Any CPU = Release|Any CPU
	EndGlobalSection
	GlobalSection(ProjectConfigurationPlatforms) = postSolution
		{29DA23C9-8C51-47C3-979B-2CF526DBA7BA}.Debug|Any CPU.ActiveCfg = Debug|Any CPU
		{29DA23C9-8C51-47C3-979B-2CF526DBA7BA}.Debug|Any CPU.Build.0 = Debug|Any CPU
		{29DA23C9-8C51-47C3-979B-2CF526DBA7BA}.Release|Any CPU.ActiveCfg = Release|Any CPU
		{29DA23C9-8C51-47C3-979B-2CF526DBA7BA}.Release|Any CPU.Build.0 = Release|Any CPU
		{CD7C0889-B5F8-49FA-AB78-9FED47ADBFB1}.Debug|Any CPU.ActiveCfg = Debug|Any CPU
		{CD7C0889-B5F8-49FA-AB78-9FED47ADBFB1}.Debug|Any CPU.Build.0 = Debug|Any CPU
		{CD7C0889-B5F8-49FA-AB78-9FED47ADBFB1}.Release|Any CPU.ActiveCfg = Release|Any CPU
		{CD7C0889-B5F8-49FA-AB78-9FED47ADBFB1}.Release|Any CPU.Build.0 = Release|Any CPU
		{A62D9082-6DB4-4203-9ABD-4FC3FB205822}.Debug|Any CPU.ActiveCfg = Debug|Any CPU
		{A62D9082-6DB4-4203-9ABD-4FC3FB205822}.Debug|Any CPU.Build.0 = Debug|Any CPU
		{A62D9082-6DB4-4203-9ABD-4FC3FB205822}.Release|Any CPU.ActiveCfg = Release|Any CPU
		{A62D9082-6DB4-4203-9ABD-4FC3FB205822}.Release|Any CPU.Build.0 = Release|Any CPU
		{F30FC855-E128-4814-ADA2-04E5714596DE}.Debug|Any CPU.ActiveCfg = Debug|Any CPU
		{F30FC855-E128-4814-ADA2-04E5714596DE}.Debug|Any CPU.Build.0 = Debug|Any CPU
		{F30FC855-E128-4814-ADA2-04E5714596DE}.Release|Any CPU.ActiveCfg = Release|Any CPU
		{F30FC855-E128-4814-ADA2-04E5714596DE}.Release|Any CPU.Build.0 = Release|Any CPU
		{75A59A82-1D24-4978-B52B-23BCB930A8D1}.Debug|Any CPU.ActiveCfg = Debug|Any CPU
		{75A59A82-1D24-4978-B52B-23BCB930A8D1}.Debug|Any CPU.Build.0 = Debug|Any CPU
		{75A59A82-1D24-4978-B52B-23BCB930A8D1}.Release|Any CPU.ActiveCfg = Release|Any CPU
		{75A59A82-1D24-4978-B52B-23BCB930A8D1}.Release|Any CPU.Build.0 = Release|Any CPU
		{2FBEB895-AF1C-452F-AE84-C3E9F3F2263C}.Debug|Any CPU.ActiveCfg = Debug|Any CPU
		{2FBEB895-AF1C-452F-AE84-C3E9F3F2263C}.Debug|Any CPU.Build.0 = Debug|Any CPU
		{2FBEB895-AF1C-452F-AE84-C3E9F3F2263C}.Release|Any CPU.ActiveCfg = Release|Any CPU
		{2FBEB895-AF1C-452F-AE84-C3E9F3F2263C}.Release|Any CPU.Build.0 = Release|Any CPU
		{361A1DEA-40A2-4376-870C-18ED38D6415E}.Debug|Any CPU.ActiveCfg = Debug|Any CPU
		{361A1DEA-40A2-4376-870C-18ED38D6415E}.Debug|Any CPU.Build.0 = Debug|Any CPU
		{361A1DEA-40A2-4376-870C-18ED38D6415E}.Release|Any CPU.ActiveCfg = Release|Any CPU
		{361A1DEA-40A2-4376-870C-18ED38D6415E}.Release|Any CPU.Build.0 = Release|Any CPU
		{5CC7198C-C312-421C-8433-F7F3E4D7C10B}.Debug|Any CPU.ActiveCfg = Debug|Any CPU
		{5CC7198C-C312-421C-8433-F7F3E4D7C10B}.Debug|Any CPU.Build.0 = Debug|Any CPU
		{5CC7198C-C312-421C-8433-F7F3E4D7C10B}.Release|Any CPU.ActiveCfg = Release|Any CPU
		{5CC7198C-C312-421C-8433-F7F3E4D7C10B}.Release|Any CPU.Build.0 = Release|Any CPU
		{DA2156DD-5103-4EFA-888D-F1F1F6AD40F0}.Debug|Any CPU.ActiveCfg = Debug|Any CPU
		{DA2156DD-5103-4EFA-888D-F1F1F6AD40F0}.Debug|Any CPU.Build.0 = Debug|Any CPU
		{DA2156DD-5103-4EFA-888D-F1F1F6AD40F0}.Release|Any CPU.ActiveCfg = Release|Any CPU
		{DA2156DD-5103-4EFA-888D-F1F1F6AD40F0}.Release|Any CPU.Build.0 = Release|Any CPU
	EndGlobalSection
	GlobalSection(NestedProjects) = preSolution
		{CD7C0889-B5F8-49FA-AB78-9FED47ADBFB1} = {C0353F17-729A-40E7-9FB9-7FC0BDC7D843}
		{F30FC855-E128-4814-ADA2-04E5714596DE} = {C0353F17-729A-40E7-9FB9-7FC0BDC7D843}
		{75A59A82-1D24-4978-B52B-23BCB930A8D1} = {C0353F17-729A-40E7-9FB9-7FC0BDC7D843}
		{2FBEB895-AF1C-452F-AE84-C3E9F3F2263C} = {C0353F17-729A-40E7-9FB9-7FC0BDC7D843}
		{361A1DEA-40A2-4376-870C-18ED38D6415E} = {C0353F17-729A-40E7-9FB9-7FC0BDC7D843}
		{5CC7198C-C312-421C-8433-F7F3E4D7C10B} = {5C5810F5-F97A-4A83-BC0D-28E723950F73}
		{DA2156DD-5103-4EFA-888D-F1F1F6AD40F0} = {5C5810F5-F97A-4A83-BC0D-28E723950F73}
	EndGlobalSection
EndGlobal
